PODS:
  - Motion (3.1.3):
    - Motion/Core (= 3.1.3)
  - Motion/Core (3.1.3)
  - Realm (5.5.0):
    - Realm/Headers (= 5.5.0)
  - Realm/Headers (5.5.0)
  - RealmSwift (5.5.0):
    - Realm (= 5.5.0)
  - SnapKit (5.0.1)
  - SwiftFontName (4.0.0)

DEPENDENCIES:
  - Motion
  - RealmSwift
  - SnapKit
  - SwiftFontName

SPEC REPOS:
  trunk:
    - Motion
    - Realm
    - RealmSwift
    - SnapKit
    - SwiftFontName

SPEC CHECKSUMS:
  Motion: cf1e060e489f6661126374d5c60dbd2ed991605c
  Realm: fb399d76f44042e5cdfc630f33828fdb4d077345
  RealmSwift: 3b7e62356207ef16d34de4e55d475163bd2062bb
  SnapKit: 97b92857e3df3a0c71833cce143274bf6ef8e5eb
  SwiftFontName: 08aaa0143dadc7753587c4317d9e8a5f2c2418b5

PODFILE CHECKSUM: 9a9d2d06d12abf0dfcf017c4b48d1fa2dff3af0f

COCOAPODS: 1.10.0.rc.1
